
Microsoft Visual Studio Solution File, Format Version 12.00
# Visual Studio Version 17
VisualStudioVersion = 17.6.33801.468
MinimumVisualStudioVersion = 10.0.40219.1
Project("{FAE04EC0-301F-11D3-BF4B-00C04F79EFBC}") = "DataStructures.LinkedList", "DataStructures.LinkedList\DataStructures.LinkedList.csproj", "{2D630487-F826-4C92-B946-ED0706CF20E3}"
EndProject
Project("{FAE04EC0-301F-11D3-BF4B-00C04F79EFBC}") = "DataStructures.QueueStack", "DataStructures.QueueStack\DataStructures.QueueStack.csproj", "{3769A7C1-FA5F-4158-8088-CD54AFD3A194}"
EndProject
Project("{FAE04EC0-301F-11D3-BF4B-00C04F79EFBC}") = "DataStructures.SortedList", "DataStructures.SortedList\DataStructures.SortedList.csproj", "{DF0B1E16-075A-4D17-A4DA-0C15F0E79A2E}"
EndProject
Project("{FAE04EC0-301F-11D3-BF4B-00C04F79EFBC}") = "DataStructures.Trie", "DataStructures.Trie\DataStructures.Trie.csproj", "{55FA7EB0-0740-4811-8AED-EC9B82605715}"
EndProject
Global
	GlobalSection(SolutionConfigurationPlatforms) = preSolution
		Debug|Any CPU = Debug|Any CPU
		Release|Any CPU = Release|Any CPU
	EndGlobalSection
	GlobalSection(ProjectConfigurationPlatforms) = postSolution
		{2D630487-F826-4C92-B946-ED0706CF20E3}.Debug|Any CPU.ActiveCfg = Debug|Any CPU
		{2D630487-F826-4C92-B946-ED0706CF20E3}.Debug|Any CPU.Build.0 = Debug|Any CPU
		{2D630487-F826-4C92-B946-ED0706CF20E3}.Release|Any CPU.ActiveCfg = Release|Any CPU
		{2D630487-F826-4C92-B946-ED0706CF20E3}.Release|Any CPU.Build.0 = Release|Any CPU
		{3769A7C1-FA5F-4158-8088-CD54AFD3A194}.Debug|Any CPU.ActiveCfg = Debug|Any CPU
		{3769A7C1-FA5F-4158-8088-CD54AFD3A194}.Debug|Any CPU.Build.0 = Debug|Any CPU
		{3769A7C1-FA5F-4158-8088-CD54AFD3A194}.Release|Any CPU.ActiveCfg = Release|Any CPU
		{3769A7C1-FA5F-4158-8088-CD54AFD3A194}.Release|Any CPU.Build.0 = Release|Any CPU
		{DF0B1E16-075A-4D17-A4DA-0C15F0E79A2E}.Debug|Any CPU.ActiveCfg = Debug|Any CPU
		{DF0B1E16-075A-4D17-A4DA-0C15F0E79A2E}.Debug|Any CPU.Build.0 = Debug|Any CPU
		{DF0B1E16-075A-4D17-A4DA-0C15F0E79A2E}.Release|Any CPU.ActiveCfg = Release|Any CPU
		{DF0B1E16-075A-4D17-A4DA-0C15F0E79A2E}.Release|Any CPU.Build.0 = Release|Any CPU
		{55FA7EB0-0740-4811-8AED-EC9B82605715}.Debug|Any CPU.ActiveCfg = Debug|Any CPU
		{55FA7EB0-0740-4811-8AED-EC9B82605715}.Debug|Any CPU.Build.0 = Debug|Any CPU
		{55FA7EB0-0740-4811-8AED-EC9B82605715}.Release|Any CPU.ActiveCfg = Release|Any CPU
		{55FA7EB0-0740-4811-8AED-EC9B82605715}.Release|Any CPU.Build.0 = Release|Any CPU
	EndGlobalSection
	GlobalSection(SolutionProperties) = preSolution
		HideSolutionNode = FALSE
	EndGlobalSection
	GlobalSection(ExtensibilityGlobals) = postSolution
		SolutionGuid = {35CEC6B7-DDFA-47C0-9D5D-C92A8F44E7BE}
	EndGlobalSection
EndGlobal
